
Microsoft Visual Studio Solution File, Format Version 12.00
# Visual Studio Version 17
VisualStudioVersion = 17.9.34616.47
MinimumVisualStudioVersion = 10.0.40219.1
Project("{FAE04EC0-301F-11D3-BF4B-00C04F79EFBC}") = "TareaBD", "TareaBD.csproj", "{DC4CAA55-8733-4317-92BB-E85B5F0B288A}"
EndProject
Global
	GlobalSection(SolutionConfigurationPlatforms) = preSolution
		Debug|Any CPU = Debug|Any CPU
		Release|Any CPU = Release|Any CPU
	EndGlobalSection
	GlobalSection(ProjectConfigurationPlatforms) = postSolution
		{DC4CAA55-8733-4317-92BB-E85B5F0B288A}.Debug|Any CPU.ActiveCfg = Debug|Any CPU
		{DC4CAA55-8733-4317-92BB-E85B5F0B288A}.Debug|Any CPU.Build.0 = Debug|Any CPU
		{DC4CAA55-8733-4317-92BB-E85B5F0B288A}.Release|Any CPU.ActiveCfg = Release|Any CPU
		{DC4CAA55-8733-4317-92BB-E85B5F0B288A}.Release|Any CPU.Build.0 = Release|Any CPU
	EndGlobalSection
	GlobalSection(SolutionProperties) = preSolution
		HideSolutionNode = FALSE
	EndGlobalSection
	GlobalSection(ExtensibilityGlobals) = postSolution
		SolutionGuid = {537C50D4-83A1-4790-A197-8E7FB0976934}
	EndGlobalSection
EndGlobal
